
Microsoft Visual Studio Solution File, Format Version 12.00
# Visual Studio Version 17
VisualStudioVersion = 17.6.33717.318
MinimumVisualStudioVersion = 10.0.40219.1
Project("{FAE04EC0-301F-11D3-BF4B-00C04F79EFBC}") = "FizzBuzz.Tests", "FizzBuzz.Tests\FizzBuzz.Tests.csproj", "{441B538E-DF35-4284-B253-1280185D6C95}"
EndProject
Project("{FAE04EC0-301F-11D3-BF4B-00C04F79EFBC}") = "FizzBuzz", "FizzBuzz\FizzBuzz.csproj", "{C56DCDCF-4580-486F-B0C8-03F2C7B22501}"
EndProject
Global
	GlobalSection(SolutionConfigurationPlatforms) = preSolution
		Debug|Any CPU = Debug|Any CPU
		Release|Any CPU = Release|Any CPU
	EndGlobalSection
	GlobalSection(ProjectConfigurationPlatforms) = postSolution
		{441B538E-DF35-4284-B253-1280185D6C95}.Debug|Any CPU.ActiveCfg = Debug|Any CPU
		{441B538E-DF35-4284-B253-1280185D6C95}.Debug|Any CPU.Build.0 = Debug|Any CPU
		{441B538E-DF35-4284-B253-1280185D6C95}.Release|Any CPU.ActiveCfg = Release|Any CPU
		{441B538E-DF35-4284-B253-1280185D6C95}.Release|Any CPU.Build.0 = Release|Any CPU
		{C56DCDCF-4580-486F-B0C8-03F2C7B22501}.Debug|Any CPU.ActiveCfg = Debug|Any CPU
		{C56DCDCF-4580-486F-B0C8-03F2C7B22501}.Debug|Any CPU.Build.0 = Debug|Any CPU
		{C56DCDCF-4580-486F-B0C8-03F2C7B22501}.Release|Any CPU.ActiveCfg = Release|Any CPU
		{C56DCDCF-4580-486F-B0C8-03F2C7B22501}.Release|Any CPU.Build.0 = Release|Any CPU
	EndGlobalSection
	GlobalSection(SolutionProperties) = preSolution
		HideSolutionNode = FALSE
	EndGlobalSection
	GlobalSection(ExtensibilityGlobals) = postSolution
		SolutionGuid = {EF8CFD37-1D78-445B-9BFA-863BD07A7DDA}
	EndGlobalSection
EndGlobal
